
Microsoft Visual Studio Solution File, Format Version 12.00
# Visual Studio 15
VisualStudioVersion = 15.0.27406.0
MinimumVisualStudioVersion = 10.0.40219.1
Project("{FAE04EC0-301F-11D3-BF4B-00C04F79EFBC}") = "EntityFrameworkMigrationsSample", "EntityFrameworkMigrationsSample\EntityFrameworkMigrationsSample.csproj", "{0F903F16-5403-4D1F-B6CB-67F5E5511FF9}"
EndProject
Global
	GlobalSection(SolutionConfigurationPlatforms) = preSolution
		Debug|Any CPU = Debug|Any CPU
		Release|Any CPU = Release|Any CPU
	EndGlobalSection
	GlobalSection(ProjectConfigurationPlatforms) = postSolution
		{0F903F16-5403-4D1F-B6CB-67F5E5511FF9}.Debug|Any CPU.ActiveCfg = Debug|Any CPU
		{0F903F16-5403-4D1F-B6CB-67F5E5511FF9}.Debug|Any CPU.Build.0 = Debug|Any CPU
		{0F903F16-5403-4D1F-B6CB-67F5E5511FF9}.Release|Any CPU.ActiveCfg = Release|Any CPU
		{0F903F16-5403-4D1F-B6CB-67F5E5511FF9}.Release|Any CPU.Build.0 = Release|Any CPU
	EndGlobalSection
	GlobalSection(SolutionProperties) = preSolution
		HideSolutionNode = FALSE
	EndGlobalSection
	GlobalSection(ExtensibilityGlobals) = postSolution
		SolutionGuid = {17900D87-0C39-473D-9F46-88233605001E}
	EndGlobalSection
EndGlobal
